
Microsoft Visual Studio Solution File, Format Version 12.00
# Visual Studio Version 16
VisualStudioVersion = 16.0.30128.74
MinimumVisualStudioVersion = 10.0.40219.1
Project("{FAE04EC0-301F-11D3-BF4B-00C04F79EFBC}") = "MvcjQueryTest", "MvcjQueryTest\MvcjQueryTest.csproj", "{F03FCA18-6199-4189-85B2-63F43888698F}"
EndProject
Global
	GlobalSection(SolutionConfigurationPlatforms) = preSolution
		Debug|Any CPU = Debug|Any CPU
		Release|Any CPU = Release|Any CPU
	EndGlobalSection
	GlobalSection(ProjectConfigurationPlatforms) = postSolution
		{F03FCA18-6199-4189-85B2-63F43888698F}.Debug|Any CPU.ActiveCfg = Debug|Any CPU
		{F03FCA18-6199-4189-85B2-63F43888698F}.Debug|Any CPU.Build.0 = Debug|Any CPU
		{F03FCA18-6199-4189-85B2-63F43888698F}.Release|Any CPU.ActiveCfg = Release|Any CPU
		{F03FCA18-6199-4189-85B2-63F43888698F}.Release|Any CPU.Build.0 = Release|Any CPU
	EndGlobalSection
	GlobalSection(SolutionProperties) = preSolution
		HideSolutionNode = FALSE
	EndGlobalSection
	GlobalSection(ExtensibilityGlobals) = postSolution
		SolutionGuid = {0DBCC892-2421-48E0-9983-D6C38816057B}
	EndGlobalSection
EndGlobal
